
Microsoft Visual Studio Solution File, Format Version 12.00
# Visual Studio Version 16
VisualStudioVersion = 16.0.31321.278
MinimumVisualStudioVersion = 10.0.40219.1
Project("{8BC9CEB8-8B4A-11D0-8D11-00A0C91BC942}") = "ABOBA V2.2", "ABOBA V2.2\ABOBA V2.2.vcxproj", "{E157D30D-6A56-46E4-A5A2-9CCCD0F4DA15}"
EndProject
Global
	GlobalSection(SolutionConfigurationPlatforms) = preSolution
		Debug|x64 = Debug|x64
		Debug|x86 = Debug|x86
		Release|x64 = Release|x64
		Release|x86 = Release|x86
	EndGlobalSection
	GlobalSection(ProjectConfigurationPlatforms) = postSolution
		{E157D30D-6A56-46E4-A5A2-9CCCD0F4DA15}.Debug|x64.ActiveCfg = Debug|x64
		{E157D30D-6A56-46E4-A5A2-9CCCD0F4DA15}.Debug|x64.Build.0 = Debug|x64
		{E157D30D-6A56-46E4-A5A2-9CCCD0F4DA15}.Debug|x86.ActiveCfg = Debug|Win32
		{E157D30D-6A56-46E4-A5A2-9CCCD0F4DA15}.Debug|x86.Build.0 = Debug|Win32
		{E157D30D-6A56-46E4-A5A2-9CCCD0F4DA15}.Release|x64.ActiveCfg = Release|x64
		{E157D30D-6A56-46E4-A5A2-9CCCD0F4DA15}.Release|x64.Build.0 = Release|x64
		{E157D30D-6A56-46E4-A5A2-9CCCD0F4DA15}.Release|x86.ActiveCfg = Release|Win32
		{E157D30D-6A56-46E4-A5A2-9CCCD0F4DA15}.Release|x86.Build.0 = Release|Win32
	EndGlobalSection
	GlobalSection(SolutionProperties) = preSolution
		HideSolutionNode = FALSE
	EndGlobalSection
	GlobalSection(ExtensibilityGlobals) = postSolution
		SolutionGuid = {458A2E21-E17B-48D3-86D7-9362D4F3D274}
	EndGlobalSection
EndGlobal
