
Microsoft Visual Studio Solution File, Format Version 12.00
# Visual Studio Version 16
VisualStudioVersion = 16.0.31321.278
MinimumVisualStudioVersion = 10.0.40219.1
Project("{8BC9CEB8-8B4A-11D0-8D11-00A0C91BC942}") = "SEA ABOBA V1", "SEA ABOBA V1\SEA ABOBA V1.vcxproj", "{752828D4-D42E-4F91-B4C2-79FB5FB46B62}"
EndProject
Global
	GlobalSection(SolutionConfigurationPlatforms) = preSolution
		Debug|x64 = Debug|x64
		Debug|x86 = Debug|x86
		Release|x64 = Release|x64
		Release|x86 = Release|x86
	EndGlobalSection
	GlobalSection(ProjectConfigurationPlatforms) = postSolution
		{752828D4-D42E-4F91-B4C2-79FB5FB46B62}.Debug|x64.ActiveCfg = Debug|x64
		{752828D4-D42E-4F91-B4C2-79FB5FB46B62}.Debug|x64.Build.0 = Debug|x64
		{752828D4-D42E-4F91-B4C2-79FB5FB46B62}.Debug|x86.ActiveCfg = Debug|Win32
		{752828D4-D42E-4F91-B4C2-79FB5FB46B62}.Debug|x86.Build.0 = Debug|Win32
		{752828D4-D42E-4F91-B4C2-79FB5FB46B62}.Release|x64.ActiveCfg = Release|x64
		{752828D4-D42E-4F91-B4C2-79FB5FB46B62}.Release|x64.Build.0 = Release|x64
		{752828D4-D42E-4F91-B4C2-79FB5FB46B62}.Release|x86.ActiveCfg = Release|Win32
		{752828D4-D42E-4F91-B4C2-79FB5FB46B62}.Release|x86.Build.0 = Release|Win32
	EndGlobalSection
	GlobalSection(SolutionProperties) = preSolution
		HideSolutionNode = FALSE
	EndGlobalSection
	GlobalSection(ExtensibilityGlobals) = postSolution
		SolutionGuid = {58EAB49A-94B2-4411-96E3-B73F88B01AAE}
	EndGlobalSection
EndGlobal
